<?xml version="1.0" encoding="utf-8"?>
<Project ToolsVersion="4.0" xmlns="http://schemas.microsoft.com/developer/msbuild/2003">
  <ItemGroup>
    <ClCompile Include="BackGround\CBackGround.cpp">
      <Filter>BackGround</Filter>
    </ClCompile>
    <ClCompile Include="FoePlaneBox\CFoePlane.cpp">
      <Filter>FoePlaneBox</Filter>
    </ClCompile>
    <ClCompile Include="FoePlaneBox\CFoePlaneBig.cpp">
      <Filter>FoePlaneBox</Filter>
    </ClCompile>
    <ClCompile Include="FoePlaneBox\CFoePlaneBox.cpp">
      <Filter>FoePlaneBox</Filter>
    </ClCompile>
    <ClCompile Include="FoePlaneBox\CFoePlaneMid.cpp">
      <Filter>FoePlaneBox</Filter>
    </ClCompile>
    <ClCompile Include="FoePlaneBox\CFoePlaneSma.cpp">
      <Filter>FoePlaneBox</Filter>
    </ClCompile>
    <ClCompile Include="GameFrame\main.cpp">
      <Filter>GameFrame</Filter>
    </ClCompile>
    <ClCompile Include="GunnerBox\CGunner.cpp">
      <Filter>GunnerBox</Filter>
    </ClCompile>
    <ClCompile Include="GunnerBox\CGunnerBox.cpp">
      <Filter>GunnerBox</Filter>
    </ClCompile>
    <ClCompile Include="PlaneApp\CPlaneApp.cpp">
      <Filter>PlaneApp</Filter>
    </ClCompile>
    <ClCompile Include="PlayerPlane\CPlayerPlane.cpp">
      <Filter>PlayerPlane</Filter>
    </ClCompile>
  </ItemGroup>
  <ItemGroup>
    <ClInclude Include="BackGround\CBackGround.h">
      <Filter>BackGround</Filter>
    </ClInclude>
    <ClInclude Include="FoePlaneBox\CFoePlane.h">
      <Filter>FoePlaneBox</Filter>
    </ClInclude>
    <ClInclude Include="FoePlaneBox\CFoePlaneBig.h">
      <Filter>FoePlaneBox</Filter>
    </ClInclude>
    <ClInclude Include="FoePlaneBox\CFoePlaneBox.h">
      <Filter>FoePlaneBox</Filter>
    </ClInclude>
    <ClInclude Include="FoePlaneBox\CFoePlaneMid.h">
      <Filter>FoePlaneBox</Filter>
    </ClInclude>
    <ClInclude Include="FoePlaneBox\CFoePlaneSma.h">
      <Filter>FoePlaneBox</Filter>
    </ClInclude>
    <ClInclude Include="GameConfig\GameConfig.h">
      <Filter>GameConfig</Filter>
    </ClInclude>
    <ClInclude Include="GameFrame\GameFrame.h">
      <Filter>GameFrame</Filter>
    </ClInclude>
    <ClInclude Include="GunnerBox\CGunner.h">
      <Filter>GunnerBox</Filter>
    </ClInclude>
    <ClInclude Include="GunnerBox\CGunnerBox.h">
      <Filter>GunnerBox</Filter>
    </ClInclude>
    <ClInclude Include="PlaneApp\CPlaneApp.h">
      <Filter>PlaneApp</Filter>
    </ClInclude>
    <ClInclude Include="PlayerPlane\CPlayerPlane.h">
      <Filter>PlayerPlane</Filter>
    </ClInclude>
  </ItemGroup>
  <ItemGroup>
    <Filter Include="BackGround">
      <UniqueIdentifier>{492aaca5-3aed-41d9-86a2-7d9289cda0c4}</UniqueIdentifier>
    </Filter>
    <Filter Include="FoePlaneBox">
      <UniqueIdentifier>{e117719e-b2f7-4d90-b404-4b776f343816}</UniqueIdentifier>
    </Filter>
    <Filter Include="GameConfig">
      <UniqueIdentifier>{b1c9ea9a-2d78-4187-9ca5-da82c60e15e3}</UniqueIdentifier>
    </Filter>
    <Filter Include="GameFrame">
      <UniqueIdentifier>{5bbf315a-7dc7-4426-bc5a-028aad9ee355}</UniqueIdentifier>
    </Filter>
    <Filter Include="GunnerBox">
      <UniqueIdentifier>{cf2826f5-d02a-496c-a9a4-39beeb346556}</UniqueIdentifier>
    </Filter>
    <Filter Include="PlaneApp">
      <UniqueIdentifier>{105966d9-03f5-43e1-8ba8-3be6f646c0d2}</UniqueIdentifier>
    </Filter>
    <Filter Include="PlayerPlane">
      <UniqueIdentifier>{61f82137-0931-48fa-891d-1089f9038c7e}</UniqueIdentifier>
    </Filter>
  </ItemGroup>
</Project>